// !$*UTF8*$!
{
	archiveVersion = 1;
	classes = {
	};
	objectVersion = 46;
	objects = {

/* Begin PBXBuildFile section */
		1DC25E131D22B3A9000ABE78 /* AppDelegate.swift in Sources */ = {isa = PBXBuildFile; fileRef = 1DC25E121D22B3A9000ABE78 /* AppDelegate.swift */; };
		1DC25E151D22B3A9000ABE78 /* ViewController.swift in Sources */ = {isa = PBXBuildFile; fileRef = 1DC25E141D22B3A9000ABE78 /* ViewController.swift */; };
		1DC25E181D22B3A9000ABE78 /* Main.storyboard in Resources */ = {isa = PBXBuildFile; fileRef = 1DC25E161D22B3A9000ABE78 /* Main.storyboard */; };
		1DC25E1A1D22B3A9000ABE78 /* Assets.xcassets in Resources */ = {isa = PBXBuildFile; fileRef = 1DC25E191D22B3A9000ABE78 /* Assets.xcassets */; };
		1DC25E1D1D22B3A9000ABE78 /* LaunchScreen.storyboard in Resources */ = {isa = PBXBuildFile; fileRef = 1DC25E1B1D22B3A9000ABE78 /* LaunchScreen.storyboard */; };
		1DC25E281D22B3A9000ABE78 /* super_coolTests.swift in Sources */ = {isa = PBXBuildFile; fileRef = 1DC25E271D22B3A9000ABE78 /* super_coolTests.swift */; };
		1DC25E331D22B3AA000ABE78 /* super_coolUITests.swift in Sources */ = {isa = PBXBuildFile; fileRef = 1DC25E321D22B3AA000ABE78 /* super_coolUITests.swift */; };
/* End PBXBuildFile section */

/* Begin PBXContainerItemProxy section */
		1DC25E241D22B3A9000ABE78 /* PBXContainerItemProxy */ = {
			isa = PBXContainerItemProxy;
			containerPortal = 1DC25E071D22B3A6000ABE78 /* Project object */;
			proxyType = 1;
			remoteGlobalIDString = 1DC25E0E1D22B3A7000ABE78;
			remoteInfo = "super cool";
		};
		1DC25E2F1D22B3A9000ABE78 /* PBXContainerItemProxy */ = {
			isa = PBXContainerItemProxy;
			containerPortal = 1DC25E071D22B3A6000ABE78 /* Project object */;
			proxyType = 1;
			remoteGlobalIDString = 1DC25E0E1D22B3A7000ABE78;
			remoteInfo = "super cool";
		};
/* End PBXContainerItemProxy section */

/* Begin PBXFileReference section */
		1DC25E0F1D22B3A8000ABE78 /* super cool.app */ = {isa = PBXFileReference; explicitFileType = wrapper.application; includeInIndex = 0; path = "super cool.app"; sourceTree = BUILT_PRODUCTS_DIR; };
		1DC25E121D22B3A9000ABE78 /* AppDelegate.swift */ = {isa = PBXFileReference; lastKnownFileType = sourcecode.swift; path = AppDelegate.swift; sourceTree = "<group>"; };
		1DC25E141D22B3A9000ABE78 /* ViewController.swift */ = {isa = PBXFileReference; lastKnownFileType = sourcecode.swift; path = ViewController.swift; sourceTree = "<group>"; };
		1DC25E171D22B3A9000ABE78 /* Base */ = {isa = PBXFileReference; lastKnownFileType = file.storyboard; name = Base; path = Base.lproj/Main.storyboard; sourceTree = "<group>"; };
		1DC25E191D22B3A9000ABE78 /* Assets.xcassets */ = {isa = PBXFileReference; lastKnownFileType = folder.assetcatalog; path = Assets.xcassets; sourceTree = "<group>"; };
		1DC25E1C1D22B3A9000ABE78 /* Base */ = {isa = PBXFileReference; lastKnownFileType = file.storyboard; name = Base; path = Base.lproj/LaunchScreen.storyboard; sourceTree = "<group>"; };
		1DC25E1E1D22B3A9000ABE78 /* Info.plist */ = {isa = PBXFileReference; lastKnownFileType = text.plist.xml; path = Info.plist; sourceTree = "<group>"; };
		1DC25E231D22B3A9000ABE78 /* super coolTests.xctest */ = {isa = PBXFileReference; explicitFileType = wrapper.cfbundle; includeInIndex = 0; path = "super coolTests.xctest"; sourceTree = BUILT_PRODUCTS_DIR; };
		1DC25E271D22B3A9000ABE78 /* super_coolTests.swift */ = {isa = PBXFileReference; lastKnownFileType = sourcecode.swift; path = super_coolTests.swift; sourceTree = "<group>"; };
		1DC25E291D22B3A9000ABE78 /* Info.plist */ = {isa = PBXFileReference; lastKnownFileType = text.plist.xml; path = Info.plist; sourceTree = "<group>"; };
		1DC25E2E1D22B3A9000ABE78 /* super coolUITests.xctest */ = {isa = PBXFileReference; explicitFileType = wrapper.cfbundle; includeInIndex = 0; path = "super coolUITests.xctest"; sourceTree = BUILT_PRODUCTS_DIR; };
		1DC25E321D22B3AA000ABE78 /* super_coolUITests.swift */ = {isa = PBXFileReference; lastKnownFileType = sourcecode.swift; path = super_coolUITests.swift; sourceTree = "<group>"; };
		1DC25E341D22B3AA000ABE78 /* Info.plist */ = {isa = PBXFileReference; lastKnownFileType = text.plist.xml; path = Info.plist; sourceTree = "<group>"; };
/* End PBXFileReference section */

/* Begin PBXFrameworksBuildPhase section */
		1DC25E0C1D22B3A7000ABE78 /* Frameworks */ = {
			isa = PBXFrameworksBuildPhase;
			buildActionMask = 2147483647;
			files = (
			);
			runOnlyForDeploymentPostprocessing = 0;
		};
		1DC25E201D22B3A9000ABE78 /* Frameworks */ = {
			isa = PBXFrameworksBuildPhase;
			buildActionMask = 2147483647;
			files = (
			);
			runOnlyForDeploymentPostprocessing = 0;
		};
		1DC25E2B1D22B3A9000ABE78 /* Frameworks */ = {
			isa = PBXFrameworksBuildPhase;
			buildActionMask = 2147483647;
			files = (
			);
			runOnlyForDeploymentPostprocessing = 0;
		};
/* End PBXFrameworksBuildPhase section */

/* Begin PBXGroup section */
		1DC25E061D22B3A6000ABE78 = {
			isa = PBXGroup;
			children = (
				1DC25E111D22B3A8000ABE78 /* super cool */,
				1DC25E261D22B3A9000ABE78 /* super coolTests */,
				1DC25E311D22B3AA000ABE78 /* super coolUITests */,
				1DC25E101D22B3A8000ABE78 /* Products */,
			);
			sourceTree = "<group>";
		};
		1DC25E101D22B3A8000ABE78 /* Products */ = {
			isa = PBXGroup;
			children = (
				1DC25E0F1D22B3A8000ABE78 /* super cool.app */,
				1DC25E231D22B3A9000ABE78 /* super coolTests.xctest */,
				1DC25E2E1D22B3A9000ABE78 /* super coolUITests.xctest */,
			);
			name = Products;
			sourceTree = "<group>";
		};
		1DC25E111D22B3A8000ABE78 /* super cool */ = {
			isa = PBXGroup;
			children = (
				1DC25E121D22B3A9000ABE78 /* AppDelegate.swift */,
				1DC25E141D22B3A9000ABE78 /* ViewController.swift */,
				1DC25E161D22B3A9000ABE78 /* Main.storyboard */,
				1DC25E191D22B3A9000ABE78 /* Assets.xcassets */,
				1DC25E1B1D22B3A9000ABE78 /* LaunchScreen.storyboard */,
				1DC25E1E1D22B3A9000ABE78 /* Info.plist */,
			);
			path = "super cool";
			sourceTree = "<group>";
		};
		1DC25E261D22B3A9000ABE78 /* super coolTests */ = {
			isa = PBXGroup;
			children = (
				1DC25E271D22B3A9000ABE78 /* super_coolTests.swift */,
				1DC25E291D22B3A9000ABE78 /* Info.plist */,
			);
			path = "super coolTests";
			sourceTree = "<group>";
		};
		1DC25E311D22B3AA000ABE78 /* super coolUITests */ = {
			isa = PBXGroup;
			children = (
				1DC25E321D22B3AA000ABE78 /* super_coolUITests.swift */,
				1DC25E341D22B3AA000ABE78 /* Info.plist */,
			);
			path = "super coolUITests";
			sourceTree = "<group>";
		};
/* End PBXGroup section */

/* Begin PBXNativeTarget section */
		1DC25E0E1D22B3A7000ABE78 /* super cool */ = {
			isa = PBXNativeTarget;
			buildConfigurationList = 1DC25E371D22B3AA000ABE78 /* Build configuration list for PBXNativeTarget "super cool" */;
			buildPhases = (
				1DC25E0B1D22B3A7000ABE78 /* Sources */,
				1DC25E0C1D22B3A7000ABE78 /* Frameworks */,
				1DC25E0D1D22B3A7000ABE78 /* Resources */,
			);
			buildRules = (
			);
			dependencies = (
			);
			name = "super cool";
			productName = "super cool";
			productReference = 1DC25E0F1D22B3A8000ABE78 /* super cool.app */;
			productType = "com.apple.product-type.application";
		};
		1DC25E221D22B3A9000ABE78 /* super coolTests */ = {
			isa = PBXNativeTarget;
			buildConfigurationList = 1DC25E3A1D22B3AA000ABE78 /* Build configuration list for PBXNativeTarget "super coolTests" */;
			buildPhases = (
				1DC25E1F1D22B3A9000ABE78 /* Sources */,
				1DC25E201D22B3A9000ABE78 /* Frameworks */,
				1DC25E211D22B3A9000ABE78 /* Resources */,
			);
			buildRules = (
			);
			dependencies = (
				1DC25E251D22B3A9000ABE78 /* PBXTargetDependency */,
			);
			name = "super coolTests";
			productName = "super coolTests";
			productReference = 1DC25E231D22B3A9000ABE78 /* super coolTests.xctest */;
			productType = "com.apple.product-type.bundle.unit-test";
		};
		1DC25E2D1D22B3A9000ABE78 /* super coolUITests */ = {
			isa = PBXNativeTarget;
			buildConfigurationList = 1DC25E3D1D22B3AA000ABE78 /* Build configuration list for PBXNativeTarget "super coolUITests" */;
			buildPhases = (
				1DC25E2A1D22B3A9000ABE78 /* Sources */,
				1DC25E2B1D22B3A9000ABE78 /* Frameworks */,
				1DC25E2C1D22B3A9000ABE78 /* Resources */,
			);
			buildRules = (
			);
			dependencies = (
				1DC25E301D22B3A9000ABE78 /* PBXTargetDependency */,
			);
			name = "super coolUITests";
			productName = "super coolUITests";
			productReference = 1DC25E2E1D22B3A9000ABE78 /* super coolUITests.xctest */;
			productType = "com.apple.product-type.bundle.ui-testing";
		};
/* End PBXNativeTarget section */

/* Begin PBXProject section */
		1DC25E071D22B3A6000ABE78 /* Project object */ = {
			isa = PBXProject;
			attributes = {
				LastUpgradeCheck = 0700;
				ORGANIZATIONNAME = "Ronald Leung";
				TargetAttributes = {
					1DC25E0E1D22B3A7000ABE78 = {
						CreatedOnToolsVersion = 7.0.1;
					};
					1DC25E221D22B3A9000ABE78 = {
						CreatedOnToolsVersion = 7.0.1;
						TestTargetID = 1DC25E0E1D22B3A7000ABE78;
					};
					1DC25E2D1D22B3A9000ABE78 = {
						CreatedOnToolsVersion = 7.0.1;
						TestTargetID = 1DC25E0E1D22B3A7000ABE78;
					};
				};
			};
			buildConfigurationList = 1DC25E0A1D22B3A7000ABE78 /* Build configuration list for PBXProject "super cool" */;
			compatibilityVersion = "Xcode 3.2";
			developmentRegion = English;
			hasScannedForEncodings = 0;
			knownRegions = (
				en,
				Base,
			);
			mainGroup = 1DC25E061D22B3A6000ABE78;
			productRefGroup = 1DC25E101D22B3A8000ABE78 /* Products */;
			projectDirPath = "";
			projectRoot = "";
			targets = (
				1DC25E0E1D22B3A7000ABE78 /* super cool */,
				1DC25E221D22B3A9000ABE78 /* super coolTests */,
				1DC25E2D1D22B3A9000ABE78 /* super coolUITests */,
			);
		};
/* End PBXProject section */

/* Begin PBXResourcesBuildPhase section */
		1DC25E0D1D22B3A7000ABE78 /* Resources */ = {
			isa = PBXResourcesBuildPhase;
			buildActionMask = 2147483647;
			files = (
				1DC25E1D1D22B3A9000ABE78 /* LaunchScreen.storyboard in Resources */,
				1DC25E1A1D22B3A9000ABE78 /* Assets.xcassets in Resources */,
				1DC25E181D22B3A9000ABE78 /* Main.storyboard in Resources */,
			);
			runOnlyForDeploymentPostprocessing = 0;
		};
		1DC25E211D22B3A9000ABE78 /* Resources */ = {
			isa = PBXResourcesBuildPhase;
			buildActionMask = 2147483647;
			files = (
			);
			runOnlyForDeploymentPostprocessing = 0;
		};
		1DC25E2C1D22B3A9000ABE78 /* Resources */ = {
			isa = PBXResourcesBuildPhase;
			buildActionMask = 2147483647;
			files = (
			);
			runOnlyForDeploymentPostprocessing = 0;
		};
/* End PBXResourcesBuildPhase section */

/* Begin PBXSourcesBuildPhase section */
		1DC25E0B1D22B3A7000ABE78 /* Sources */ = {
			isa = PBXSourcesBuildPhase;
			buildActionMask = 2147483647;
			files = (
				1DC25E151D22B3A9000ABE78 /* ViewController.swift in Sources */,
				1DC25E131D22B3A9000ABE78 /* AppDelegate.swift in Sources */,
			);
			runOnlyForDeploymentPostprocessing = 0;
		};
		1DC25E1F1D22B3A9000ABE78 /* Sources */ = {
			isa = PBXSourcesBuildPhase;
			buildActionMask = 2147483647;
			files = (
				1DC25E281D22B3A9000ABE78 /* super_coolTests.swift in Sources */,
			);
			runOnlyForDeploymentPostprocessing = 0;
		};
		1DC25E2A1D22B3A9000ABE78 /* Sources */ = {
			isa = PBXSourcesBuildPhase;
			buildActionMask = 2147483647;
			files = (
				1DC25E331D22B3AA000ABE78 /* super_coolUITests.swift in Sources */,
			);
			runOnlyForDeploymentPostprocessing = 0;
		};
/* End PBXSourcesBuildPhase section */

/* Begin PBXTargetDependency section */
		1DC25E251D22B3A9000ABE78 /* PBXTargetDependency */ = {
			isa = PBXTargetDependency;
			target = 1DC25E0E1D22B3A7000ABE78 /* super cool */;
			targetProxy = 1DC25E241D22B3A9000ABE78 /* PBXContainerItemProxy */;
		};
		1DC25E301D22B3A9000ABE78 /* PBXTargetDependency */ = {
			isa = PBXTargetDependency;
			target = 1DC25E0E1D22B3A7000ABE78 /* super cool */;
			targetProxy = 1DC25E2F1D22B3A9000ABE78 /* PBXContainerItemProxy */;
		};
/* End PBXTargetDependency section */

/* Begin PBXVariantGroup section */
		1DC25E161D22B3A9000ABE78 /* Main.storyboard */ = {
			isa = PBXVariantGroup;
			children = (
				1DC25E171D22B3A9000ABE78 /* Base */,
			);
			name = Main.storyboard;
			sourceTree = "<group>";
		};
		1DC25E1B1D22B3A9000ABE78 /* LaunchScreen.storyboard */ = {
			isa = PBXVariantGroup;
			children = (
				1DC25E1C1D22B3A9000ABE78 /* Base */,
			);
			name = LaunchScreen.storyboard;
			sourceTree = "<group>";
		};
/* End PBXVariantGroup section */

/* Begin XCBuildConfiguration section */
		1DC25E351D22B3AA000ABE78 /* Debug */ = {
			isa = XCBuildConfiguration;
			buildSettings = {
				ALWAYS_SEARCH_USER_PATHS = NO;
				CLANG_CXX_LANGUAGE_STANDARD = "gnu++0x";
				CLANG_CXX_LIBRARY = "libc++";
				CLANG_ENABLE_MODULES = YES;
				CLANG_ENABLE_OBJC_ARC = YES;
				CLANG_WARN_BOOL_CONVERSION = YES;
				CLANG_WARN_CONSTANT_CONVERSION = YES;
				CLANG_WARN_DIRECT_OBJC_ISA_USAGE = YES_ERROR;
				CLANG_WARN_EMPTY_BODY = YES;
				CLANG_WARN_ENUM_CONVERSION = YES;
				CLANG_WARN_INT_CONVERSION = YES;
				CLANG_WARN_OBJC_ROOT_CLASS = YES_ERROR;
				CLANG_WARN_UNREACHABLE_CODE = YES;
				CLANG_WARN__DUPLICATE_METHOD_MATCH = YES;
				"CODE_SIGN_IDENTITY[sdk=iphoneos*]" = "iPhone Developer";
				COPY_PHASE_STRIP = NO;
				DEBUG_INFORMATION_FORMAT = dwarf;
				ENABLE_STRICT_OBJC_MSGSEND = YES;
				ENABLE_TESTABILITY = YES;
				GCC_C_LANGUAGE_STANDARD = gnu99;
				GCC_DYNAMIC_NO_PIC = NO;
				GCC_NO_COMMON_BLOCKS = YES;
				GCC_OPTIMIZATION_LEVEL = 0;
				GCC_PREPROCESSOR_DEFINITIONS = (
					"DEBUG=1",
					"$(inherited)",
				);
				GCC_WARN_64_TO_32_BIT_CONVERSION = YES;
				GCC_WARN_ABOUT_RETURN_TYPE = YES_ERROR;
				GCC_WARN_UNDECLARED_SELECTOR = YES;
				GCC_WARN_UNINITIALIZED_AUTOS = YES_AGGRESSIVE;
				GCC_WARN_UNUSED_FUNCTION = YES;
				GCC_WARN_UNUSED_VARIABLE = YES;
				IPHONEOS_DEPLOYMENT_TARGET = 9.0;
				MTL_ENABLE_DEBUG_INFO = YES;
				ONLY_ACTIVE_ARCH = YES;
				SDKROOT = iphoneos;
				SWIFT_OPTIMIZATION_LEVEL = "-Onone";
			};
			name = Debug;
		};
		1DC25E361D22B3AA000ABE78 /* Release */ = {
			isa = XCBuildConfiguration;
			buildSettings = {
				ALWAYS_SEARCH_USER_PATHS = NO;
				CLANG_CXX_LANGUAGE_STANDARD = "gnu++0x";
				CLANG_CXX_LIBRARY = "libc++";
				CLANG_ENABLE_MODULES = YES;
				CLANG_ENABLE_OBJC_ARC = YES;
				CLANG_WARN_BOOL_CONVERSION = YES;
				CLANG_WARN_CONSTANT_CONVERSION = YES;
				CLANG_WARN_DIRECT_OBJC_ISA_USAGE = YES_ERROR;
				CLANG_WARN_EMPTY_BODY = YES;
				CLANG_WARN_ENUM_CONVERSION = YES;
				CLANG_WARN_INT_CONVERSION = YES;
				CLANG_WARN_OBJC_ROOT_CLASS = YES_ERROR;
				CLANG_WARN_UNREACHABLE_CODE = YES;
				CLANG_WARN__DUPLICATE_METHOD_MATCH = YES;
				"CODE_SIGN_IDENTITY[sdk=iphoneos*]" = "iPhone Developer";
				COPY_PHASE_STRIP = NO;
				DEBUG_INFORMATION_FORMAT = "dwarf-with-dsym";
				ENABLE_NS_ASSERTIONS = NO;
				ENABLE_STRICT_OBJC_MSGSEND = YES;
				GCC_C_LANGUAGE_STANDARD = gnu99;
				GCC_NO_COMMON_BLOCKS = YES;
				GCC_WARN_64_TO_32_BIT_CONVERSION = YES;
				GCC_WARN_ABOUT_RETURN_TYPE = YES_ERROR;
				GCC_WARN_UNDECLARED_SELECTOR = YES;
				GCC_WARN_UNINITIALIZED_AUTOS = YES_AGGRESSIVE;
				GCC_WARN_UNUSED_FUNCTION = YES;
				GCC_WARN_UNUSED_VARIABLE = YES;
				IPHONEOS_DEPLOYMENT_TARGET = 9.0;
				MTL_ENABLE_DEBUG_INFO = NO;
				SDKROOT = iphoneos;
				VALIDATE_PRODUCT = YES;
			};
			name = Release;
		};
		1DC25E381D22B3AA000ABE78 /* Debug */ = {
			isa = XCBuildConfiguration;
			buildSettings = {
				ASSETCATALOG_COMPILER_APPICON_NAME = AppIcon;
				INFOPLIST_FILE = "super cool/Info.plist";
				LD_RUNPATH_SEARCH_PATHS = "$(inherited) @executable_path/Frameworks";
				PRODUCT_BUNDLE_IDENTIFIER = "OCF.super-cool";
				PRODUCT_NAME = "$(TARGET_NAME)";
			};
			name = Debug;
		};
		1DC25E391D22B3AA000ABE78 /* Release */ = {
			isa = XCBuildConfiguration;
			buildSettings = {
				ASSETCATALOG_COMPILER_APPICON_NAME = AppIcon;
				INFOPLIST_FILE = "super cool/Info.plist";
				LD_RUNPATH_SEARCH_PATHS = "$(inherited) @executable_path/Frameworks";
				PRODUCT_BUNDLE_IDENTIFIER = "OCF.super-cool";
				PRODUCT_NAME = "$(TARGET_NAME)";
			};
			name = Release;
		};
		1DC25E3B1D22B3AA000ABE78 /* Debug */ = {
			isa = XCBuildConfiguration;
			buildSettings = {
				BUNDLE_LOADER = "$(TEST_HOST)";
				INFOPLIST_FILE = "super coolTests/Info.plist";
				LD_RUNPATH_SEARCH_PATHS = "$(inherited) @executable_path/Frameworks @loader_path/Frameworks";
				PRODUCT_BUNDLE_IDENTIFIER = "OCF.super-coolTests";
				PRODUCT_NAME = "$(TARGET_NAME)";
				TEST_HOST = "$(BUILT_PRODUCTS_DIR)/super cool.app/super cool";
			};
			name = Debug;
		};
		1DC25E3C1D22B3AA000ABE78 /* Release */ = {
			isa = XCBuildConfiguration;
			buildSettings = {
				BUNDLE_LOADER = "$(TEST_HOST)";
				INFOPLIST_FILE = "super coolTests/Info.plist";
				LD_RUNPATH_SEARCH_PATHS = "$(inherited) @executable_path/Frameworks @loader_path/Frameworks";
				PRODUCT_BUNDLE_IDENTIFIER = "OCF.super-coolTests";
				PRODUCT_NAME = "$(TARGET_NAME)";
				TEST_HOST = "$(BUILT_PRODUCTS_DIR)/super cool.app/super cool";
			};
			name = Release;
		};
		1DC25E3E1D22B3AA000ABE78 /* Debug */ = {
			isa = XCBuildConfiguration;
			buildSettings = {
				INFOPLIST_FILE = "super coolUITests/Info.plist";
				LD_RUNPATH_SEARCH_PATHS = "$(inherited) @executable_path/Frameworks @loader_path/Frameworks";
				PRODUCT_BUNDLE_IDENTIFIER = "OCF.super-coolUITests";
				PRODUCT_NAME = "$(TARGET_NAME)";
				TEST_TARGET_NAME = "super cool";
				USES_XCTRUNNER = YES;
			};
			name = Debug;
		};
		1DC25E3F1D22B3AA000ABE78 /* Release */ = {
			isa = XCBuildConfiguration;
			buildSettings = {
				INFOPLIST_FILE = "super coolUITests/Info.plist";
				LD_RUNPATH_SEARCH_PATHS = "$(inherited) @executable_path/Frameworks @loader_path/Frameworks";
				PRODUCT_BUNDLE_IDENTIFIER = "OCF.super-coolUITests";
				PRODUCT_NAME = "$(TARGET_NAME)";
				TEST_TARGET_NAME = "super cool";
				USES_XCTRUNNER = YES;
			};
			name = Release;
		};
/* End XCBuildConfiguration section */

/* Begin XCConfigurationList section */
		1DC25E0A1D22B3A7000ABE78 /* Build configuration list for PBXProject "super cool" */ = {
			isa = XCConfigurationList;
			buildConfigurations = (
				1DC25E351D22B3AA000ABE78 /* Debug */,
				1DC25E361D22B3AA000ABE78 /* Release */,
			);
			defaultConfigurationIsVisible = 0;
			defaultConfigurationName = Release;
		};
		1DC25E371D22B3AA000ABE78 /* Build configuration list for PBXNativeTarget "super cool" */ = {
			isa = XCConfigurationList;
			buildConfigurations = (
				1DC25E381D22B3AA000ABE78 /* Debug */,
				1DC25E391D22B3AA000ABE78 /* Release */,
			);
			defaultConfigurationIsVisible = 0;
		};
		1DC25E3A1D22B3AA000ABE78 /* Build configuration list for PBXNativeTarget "super coolTests" */ = {
			isa = XCConfigurationList;
			buildConfigurations = (
				1DC25E3B1D22B3AA000ABE78 /* Debug */,
				1DC25E3C1D22B3AA000ABE78 /* Release */,
			);
			defaultConfigurationIsVisible = 0;
		};
		1DC25E3D1D22B3AA000ABE78 /* Build configuration list for PBXNativeTarget "super coolUITests" */ = {
			isa = XCConfigurationList;
			buildConfigurations = (
				1DC25E3E1D22B3AA000ABE78 /* Debug */,
				1DC25E3F1D22B3AA000ABE78 /* Release */,
			);
			defaultConfigurationIsVisible = 0;
		};
/* End XCConfigurationList section */
	};
	rootObject = 1DC25E071D22B3A6000ABE78 /* Project object */;
}
